
Microsoft Visual Studio Solution File, Format Version 12.00
# Visual Studio 15
VisualStudioVersion = 15.0.27130.2036
MinimumVisualStudioVersion = 10.0.40219.1
Project("{FAE04EC0-301F-11D3-BF4B-00C04F79EFBC}") = "ApiAiNetCore", "ApiAiNetCore\ApiAiNetCore.csproj", "{42D48353-11DA-4C17-A05F-F605E75BEC19}"
EndProject
Project("{FAE04EC0-301F-11D3-BF4B-00C04F79EFBC}") = "ApiAiNetCoreTest", "ApiAiNetCoreTest\ApiAiNetCoreTest.csproj", "{E4F14036-7615-42A0-A2DD-B29FC63C377D}"
EndProject
Global
	GlobalSection(SolutionConfigurationPlatforms) = preSolution
		Debug|Any CPU = Debug|Any CPU
		Release|Any CPU = Release|Any CPU
	EndGlobalSection
	GlobalSection(ProjectConfigurationPlatforms) = postSolution
		{42D48353-11DA-4C17-A05F-F605E75BEC19}.Debug|Any CPU.ActiveCfg = Debug|Any CPU
		{42D48353-11DA-4C17-A05F-F605E75BEC19}.Debug|Any CPU.Build.0 = Debug|Any CPU
		{42D48353-11DA-4C17-A05F-F605E75BEC19}.Release|Any CPU.ActiveCfg = Release|Any CPU
		{42D48353-11DA-4C17-A05F-F605E75BEC19}.Release|Any CPU.Build.0 = Release|Any CPU
		{E4F14036-7615-42A0-A2DD-B29FC63C377D}.Debug|Any CPU.ActiveCfg = Debug|Any CPU
		{E4F14036-7615-42A0-A2DD-B29FC63C377D}.Debug|Any CPU.Build.0 = Debug|Any CPU
		{E4F14036-7615-42A0-A2DD-B29FC63C377D}.Release|Any CPU.ActiveCfg = Release|Any CPU
		{E4F14036-7615-42A0-A2DD-B29FC63C377D}.Release|Any CPU.Build.0 = Release|Any CPU
	EndGlobalSection
	GlobalSection(SolutionProperties) = preSolution
		HideSolutionNode = FALSE
	EndGlobalSection
	GlobalSection(ExtensibilityGlobals) = postSolution
		SolutionGuid = {1635D79C-67B4-45F4-BE6C-2709953208C3}
	EndGlobalSection
EndGlobal
